
Microsoft Visual Studio Solution File, Format Version 12.00
# Visual Studio 15
VisualStudioVersion = 15.0.26228.9
MinimumVisualStudioVersion = 10.0.40219.1
Project("{9A19103F-16F7-4668-BE54-9A1E7A4F7556}") = "Refatorando2", "Refatorando2\Refatorando2.csproj", "{EF4BC411-402D-42A3-9E84-F49AA0C8B062}"
EndProject
Global
	GlobalSection(SolutionConfigurationPlatforms) = preSolution
		Debug|Any CPU = Debug|Any CPU
		Release|Any CPU = Release|Any CPU
	EndGlobalSection
	GlobalSection(ProjectConfigurationPlatforms) = postSolution
		{EF4BC411-402D-42A3-9E84-F49AA0C8B062}.Debug|Any CPU.ActiveCfg = Debug|Any CPU
		{EF4BC411-402D-42A3-9E84-F49AA0C8B062}.Debug|Any CPU.Build.0 = Debug|Any CPU
		{EF4BC411-402D-42A3-9E84-F49AA0C8B062}.Release|Any CPU.ActiveCfg = Release|Any CPU
		{EF4BC411-402D-42A3-9E84-F49AA0C8B062}.Release|Any CPU.Build.0 = Release|Any CPU
	EndGlobalSection
	GlobalSection(SolutionProperties) = preSolution
		HideSolutionNode = FALSE
	EndGlobalSection
	GlobalSection(ExtensibilityGlobals) = postSolution
		SolutionGuid = {3C7419BD-0E7A-4833-91B3-49B23B355E8E}
	EndGlobalSection
EndGlobal
