
Microsoft Visual Studio Solution File, Format Version 12.00
# Visual Studio Version 16
VisualStudioVersion = 16.0.30225.117
MinimumVisualStudioVersion = 10.0.40219.1
Project("{9A19103F-16F7-4668-BE54-9A1E7A4F7556}") = "CsharpCollections", "CsharpCollections\CsharpCollections.csproj", "{990FB2DA-E09C-4688-B694-17D11588D00F}"
EndProject
Project("{9A19103F-16F7-4668-BE54-9A1E7A4F7556}") = "CsharpListasSomenteLeitura", "CsharpListasSomenteLeitura\CsharpListasSomenteLeitura.csproj", "{E59C43BA-A525-4E93-AD0B-09C4A4172CF9}"
EndProject
Project("{9A19103F-16F7-4668-BE54-9A1E7A4F7556}") = "CsharpPoderDosSets", "CsharpPoderDosSets\CsharpPoderDosSets.csproj", "{5D97C1B4-90B7-4F9C-8F44-0FC692AB3109}"
EndProject
Project("{FAE04EC0-301F-11D3-BF4B-00C04F79EFBC}") = "CsharpLinkedList", "CsharpLinkedList\CsharpLinkedList.csproj", "{521F5F1D-700B-498C-9219-744C544BFE9C}"
EndProject
Global
	GlobalSection(SolutionConfigurationPlatforms) = preSolution
		Debug|Any CPU = Debug|Any CPU
		Release|Any CPU = Release|Any CPU
	EndGlobalSection
	GlobalSection(ProjectConfigurationPlatforms) = postSolution
		{990FB2DA-E09C-4688-B694-17D11588D00F}.Debug|Any CPU.ActiveCfg = Debug|Any CPU
		{990FB2DA-E09C-4688-B694-17D11588D00F}.Debug|Any CPU.Build.0 = Debug|Any CPU
		{990FB2DA-E09C-4688-B694-17D11588D00F}.Release|Any CPU.ActiveCfg = Release|Any CPU
		{990FB2DA-E09C-4688-B694-17D11588D00F}.Release|Any CPU.Build.0 = Release|Any CPU
		{E59C43BA-A525-4E93-AD0B-09C4A4172CF9}.Debug|Any CPU.ActiveCfg = Debug|Any CPU
		{E59C43BA-A525-4E93-AD0B-09C4A4172CF9}.Debug|Any CPU.Build.0 = Debug|Any CPU
		{E59C43BA-A525-4E93-AD0B-09C4A4172CF9}.Release|Any CPU.ActiveCfg = Release|Any CPU
		{E59C43BA-A525-4E93-AD0B-09C4A4172CF9}.Release|Any CPU.Build.0 = Release|Any CPU
		{5D97C1B4-90B7-4F9C-8F44-0FC692AB3109}.Debug|Any CPU.ActiveCfg = Debug|Any CPU
		{5D97C1B4-90B7-4F9C-8F44-0FC692AB3109}.Debug|Any CPU.Build.0 = Debug|Any CPU
		{5D97C1B4-90B7-4F9C-8F44-0FC692AB3109}.Release|Any CPU.ActiveCfg = Release|Any CPU
		{5D97C1B4-90B7-4F9C-8F44-0FC692AB3109}.Release|Any CPU.Build.0 = Release|Any CPU
		{521F5F1D-700B-498C-9219-744C544BFE9C}.Debug|Any CPU.ActiveCfg = Debug|Any CPU
		{521F5F1D-700B-498C-9219-744C544BFE9C}.Debug|Any CPU.Build.0 = Debug|Any CPU
		{521F5F1D-700B-498C-9219-744C544BFE9C}.Release|Any CPU.ActiveCfg = Release|Any CPU
		{521F5F1D-700B-498C-9219-744C544BFE9C}.Release|Any CPU.Build.0 = Release|Any CPU
	EndGlobalSection
	GlobalSection(SolutionProperties) = preSolution
		HideSolutionNode = FALSE
	EndGlobalSection
	GlobalSection(ExtensibilityGlobals) = postSolution
		SolutionGuid = {FD6A9E6C-D792-495A-A145-C8C30DFFAF32}
	EndGlobalSection
EndGlobal
