
Microsoft Visual Studio Solution File, Format Version 12.00
# Visual Studio Version 16
VisualStudioVersion = 16.0.30225.117
MinimumVisualStudioVersion = 10.0.40219.1
Project("{9A19103F-16F7-4668-BE54-9A1E7A4F7556}") = "01-ByteBank", "01-ByteBank\01-ByteBank.csproj", "{7F8FCA86-5FC1-48CF-89DD-1DA7A9096AC6}"
EndProject
Project("{9A19103F-16F7-4668-BE54-9A1E7A4F7556}") = "02-ByteBank", "02-ByteBank\02-ByteBank.csproj", "{510D750A-69EE-4074-B56E-433C3378A7E3}"
EndProject
Project("{9A19103F-16F7-4668-BE54-9A1E7A4F7556}") = "03-ByteBank", "03-ByteBank\03-ByteBank.csproj", "{328B130C-E92C-4029-A142-254299304B6A}"
EndProject
Project("{9A19103F-16F7-4668-BE54-9A1E7A4F7556}") = "04-ByteBank", "04-ByteBank\04-ByteBank.csproj", "{2B1CCCDE-96DE-4E15-9C64-E7AE707A8AD7}"
EndProject
Project("{FAE04EC0-301F-11D3-BF4B-00C04F79EFBC}") = "05-ByteBank", "05-ByteBank\05-ByteBank.csproj", "{1D825E75-871E-4DCD-B3F0-5C72B686F2AB}"
EndProject
Project("{FAE04EC0-301F-11D3-BF4B-00C04F79EFBC}") = "06-ByteBank", "06-ByteBank\06-ByteBank.csproj", "{FE82CD81-0D6B-48EF-A596-6553A6ABD412}"
EndProject
Global
	GlobalSection(SolutionConfigurationPlatforms) = preSolution
		Debug|Any CPU = Debug|Any CPU
		Release|Any CPU = Release|Any CPU
	EndGlobalSection
	GlobalSection(ProjectConfigurationPlatforms) = postSolution
		{7F8FCA86-5FC1-48CF-89DD-1DA7A9096AC6}.Debug|Any CPU.ActiveCfg = Debug|Any CPU
		{7F8FCA86-5FC1-48CF-89DD-1DA7A9096AC6}.Debug|Any CPU.Build.0 = Debug|Any CPU
		{7F8FCA86-5FC1-48CF-89DD-1DA7A9096AC6}.Release|Any CPU.ActiveCfg = Release|Any CPU
		{7F8FCA86-5FC1-48CF-89DD-1DA7A9096AC6}.Release|Any CPU.Build.0 = Release|Any CPU
		{510D750A-69EE-4074-B56E-433C3378A7E3}.Debug|Any CPU.ActiveCfg = Debug|Any CPU
		{510D750A-69EE-4074-B56E-433C3378A7E3}.Debug|Any CPU.Build.0 = Debug|Any CPU
		{510D750A-69EE-4074-B56E-433C3378A7E3}.Release|Any CPU.ActiveCfg = Release|Any CPU
		{510D750A-69EE-4074-B56E-433C3378A7E3}.Release|Any CPU.Build.0 = Release|Any CPU
		{328B130C-E92C-4029-A142-254299304B6A}.Debug|Any CPU.ActiveCfg = Debug|Any CPU
		{328B130C-E92C-4029-A142-254299304B6A}.Debug|Any CPU.Build.0 = Debug|Any CPU
		{328B130C-E92C-4029-A142-254299304B6A}.Release|Any CPU.ActiveCfg = Release|Any CPU
		{328B130C-E92C-4029-A142-254299304B6A}.Release|Any CPU.Build.0 = Release|Any CPU
		{2B1CCCDE-96DE-4E15-9C64-E7AE707A8AD7}.Debug|Any CPU.ActiveCfg = Debug|Any CPU
		{2B1CCCDE-96DE-4E15-9C64-E7AE707A8AD7}.Debug|Any CPU.Build.0 = Debug|Any CPU
		{2B1CCCDE-96DE-4E15-9C64-E7AE707A8AD7}.Release|Any CPU.ActiveCfg = Release|Any CPU
		{2B1CCCDE-96DE-4E15-9C64-E7AE707A8AD7}.Release|Any CPU.Build.0 = Release|Any CPU
		{1D825E75-871E-4DCD-B3F0-5C72B686F2AB}.Debug|Any CPU.ActiveCfg = Debug|Any CPU
		{1D825E75-871E-4DCD-B3F0-5C72B686F2AB}.Debug|Any CPU.Build.0 = Debug|Any CPU
		{1D825E75-871E-4DCD-B3F0-5C72B686F2AB}.Release|Any CPU.ActiveCfg = Release|Any CPU
		{1D825E75-871E-4DCD-B3F0-5C72B686F2AB}.Release|Any CPU.Build.0 = Release|Any CPU
		{FE82CD81-0D6B-48EF-A596-6553A6ABD412}.Debug|Any CPU.ActiveCfg = Debug|Any CPU
		{FE82CD81-0D6B-48EF-A596-6553A6ABD412}.Debug|Any CPU.Build.0 = Debug|Any CPU
		{FE82CD81-0D6B-48EF-A596-6553A6ABD412}.Release|Any CPU.ActiveCfg = Release|Any CPU
		{FE82CD81-0D6B-48EF-A596-6553A6ABD412}.Release|Any CPU.Build.0 = Release|Any CPU
	EndGlobalSection
	GlobalSection(SolutionProperties) = preSolution
		HideSolutionNode = FALSE
	EndGlobalSection
	GlobalSection(ExtensibilityGlobals) = postSolution
		SolutionGuid = {C151C25E-9639-4C67-A727-16701C54DD00}
	EndGlobalSection
EndGlobal
