
Microsoft Visual Studio Solution File, Format Version 12.00
# Visual Studio Version 16
VisualStudioVersion = 16.0.30225.117
MinimumVisualStudioVersion = 10.0.40219.1
Project("{FAE04EC0-301F-11D3-BF4B-00C04F79EFBC}") = "ByteBank.Portal", "ByteBank.Portal\ByteBank.Portal.csproj", "{662FB342-0034-4621-885E-821ADA212A12}"
EndProject
Project("{FAE04EC0-301F-11D3-BF4B-00C04F79EFBC}") = "ByteBank.Service", "ByteBank.Service\ByteBank.Service.csproj", "{930EADB9-8156-43AD-8500-E08EF5F4BF8D}"
EndProject
Global
	GlobalSection(SolutionConfigurationPlatforms) = preSolution
		Debug|Any CPU = Debug|Any CPU
		Release|Any CPU = Release|Any CPU
	EndGlobalSection
	GlobalSection(ProjectConfigurationPlatforms) = postSolution
		{662FB342-0034-4621-885E-821ADA212A12}.Debug|Any CPU.ActiveCfg = Debug|Any CPU
		{662FB342-0034-4621-885E-821ADA212A12}.Debug|Any CPU.Build.0 = Debug|Any CPU
		{662FB342-0034-4621-885E-821ADA212A12}.Release|Any CPU.ActiveCfg = Release|Any CPU
		{662FB342-0034-4621-885E-821ADA212A12}.Release|Any CPU.Build.0 = Release|Any CPU
		{930EADB9-8156-43AD-8500-E08EF5F4BF8D}.Debug|Any CPU.ActiveCfg = Debug|Any CPU
		{930EADB9-8156-43AD-8500-E08EF5F4BF8D}.Debug|Any CPU.Build.0 = Debug|Any CPU
		{930EADB9-8156-43AD-8500-E08EF5F4BF8D}.Release|Any CPU.ActiveCfg = Release|Any CPU
		{930EADB9-8156-43AD-8500-E08EF5F4BF8D}.Release|Any CPU.Build.0 = Release|Any CPU
	EndGlobalSection
	GlobalSection(SolutionProperties) = preSolution
		HideSolutionNode = FALSE
	EndGlobalSection
	GlobalSection(ExtensibilityGlobals) = postSolution
		SolutionGuid = {05C97BE4-F7E9-4B35-90E6-0279348E4A99}
	EndGlobalSection
EndGlobal
