
Microsoft Visual Studio Solution File, Format Version 12.00
# Visual Studio Version 16
VisualStudioVersion = 16.0.30225.117
MinimumVisualStudioVersion = 10.0.40219.1
Project("{FAE04EC0-301F-11D3-BF4B-00C04F79EFBC}") = "AppTunes", "AppTunes\AppTunes.csproj", "{32548F5F-0F7B-440C-8831-A678EA50FCBF}"
EndProject
Global
	GlobalSection(SolutionConfigurationPlatforms) = preSolution
		Debug|Any CPU = Debug|Any CPU
		Release|Any CPU = Release|Any CPU
	EndGlobalSection
	GlobalSection(ProjectConfigurationPlatforms) = postSolution
		{32548F5F-0F7B-440C-8831-A678EA50FCBF}.Debug|Any CPU.ActiveCfg = Debug|Any CPU
		{32548F5F-0F7B-440C-8831-A678EA50FCBF}.Debug|Any CPU.Build.0 = Debug|Any CPU
		{32548F5F-0F7B-440C-8831-A678EA50FCBF}.Release|Any CPU.ActiveCfg = Release|Any CPU
		{32548F5F-0F7B-440C-8831-A678EA50FCBF}.Release|Any CPU.Build.0 = Release|Any CPU
	EndGlobalSection
	GlobalSection(SolutionProperties) = preSolution
		HideSolutionNode = FALSE
	EndGlobalSection
	GlobalSection(ExtensibilityGlobals) = postSolution
		SolutionGuid = {898D4419-DCBE-492B-B0CC-B60BAEDA8648}
	EndGlobalSection
EndGlobal
